{
    "_meta": {
        "hash": {
            "sha256": "3042dd14d31b418727a12e15b457e72493a728414589815a724a32d14edfee6d"
        },
        "pipfile-spec": 6,
        "requires": {
            "python_version": "3.6"
        },
        "sources": [
            {
                "name": "pypi",
                "url": "https://pypi.org/simple",
                "verify_ssl": true
            }
        ]
    },
    "default": {
        "certifi": {
            "hashes": [
                "sha256:59b7658e26ca9c7339e00f8f4636cdfe59d34fa37b9b04f6f9e9926b3cece1a5",
                "sha256:b26104d6835d1f5e49452a26eb2ff87fe7090b89dfcaee5ea2212697e1e1d7ae"
            ],
            "version": "==2019.3.9"
        },
        "chardet": {
            "hashes": [
                "sha256:84ab92ed1c4d4f16916e05906b6b75a6c0fb5db821cc65e70cbd64a3e2a5eaae",
                "sha256:fc323ffcaeaed0e0a02bf4d117757b98aed530d9ed4531e3e15460124c106691"
            ],
            "version": "==3.0.4"
        },
        "emoji": {
            "hashes": [
                "sha256:1e959336dafc7a5ed2c0256ee587bbd38a7187d772141f0b5ba42de9e08599a8",
                "sha256:a9e9c08be9907c0042212c86dfbea0f61f78e9897d4df41a1d6307017763ad3e"
            ],
            "index": "pypi",
            "version": "==0.5.1"
        },
        "idna": {
            "hashes": [
                "sha256:c357b3f628cf53ae2c4c05627ecc484553142ca23264e593d327bcde5e9c3407",
                "sha256:ea8b7f6188e6fa117537c3df7da9fc686d485087abf6ac197f9c46432f7e4a3c"
            ],
            "version": "==2.8"
        },
        "prompt-toolkit": {
            "hashes": [
                "sha256:7281b5199235adaef6980942840c43753e4ab20dfe41338da634fb41c194f9d8",
                "sha256:82c7f8e07d7a0411ff5367a5a8ff520f0112b9179f3e599ee8ad2ad9b943d911",
                "sha256:cc66413b1b4b17021675d9f2d15d57e640b06ddfd99bb724c73484126d22622f"
            ],
            "index": "pypi",
            "version": "==1.0.14"
        },
        "pygments": {
            "hashes": [
                "sha256:5ffada19f6203563680669ee7f53b64dabbeb100eb51b61996085e99c03b284a",
                "sha256:e8218dd399a61674745138520d0d4cf2621d7e032439341bc3f647bff125818d"
            ],
            "version": "==2.3.1"
        },
        "pyinquirer": {
            "hashes": [
                "sha256:c9a92d68d7727fbd886a7908c08fd9e9773e5dc211bf5cbf836ba90d366dee51"
            ],
            "index": "pypi",
            "version": "==1.0.3"
        },
        "regex": {
            "hashes": [
                "sha256:0306149889c1a1bec362511f737bc446245ddfcdbe4b556abdfc506ed46dfa47",
                "sha256:4b08704a5939c698d2d5950b5dc950597613216cc8c01048efc0da860a0c3db9",
                "sha256:6ba0eb777ada6887062c2620e6d644b011078d5d3dc09119ae7107285f6f95e9",
                "sha256:7789cc323948792c4c62b269a56f2f2f9bc77d44e54fd81e01b12a967dd7244c",
                "sha256:825143aadca0da7d26eeaf2ab0f8bc33921a5642e570ded92dde08c5aaebc65f",
                "sha256:8fbd057faab28ce552d89c46f7a968e950f07e80752dfb93891dd11c6b0ee3b4",
                "sha256:a41aabb0b9072a14f1e2e554f959ed6439b83610ed656edace9096a0b27e378e",
                "sha256:d8807231aed332a1d0456d2088967b87e8c664222bed8e566384ca0ec0b43bfd",
                "sha256:dfd89b642fe71f4e8a9906455d4147d453061377b650e6233ddd9ea822971360"
            ],
            "version": "==2019.3.12"
        },
        "requests": {
            "hashes": [
                "sha256:502a824f31acdacb3a35b6690b5fbf0bc41d63a24a45c4004352b0242707598e",
                "sha256:7bf2a778576d825600030a110f3c0e3e8edc51dfaafe1c146e39a2027784957b"
            ],
            "version": "==2.21.0"
        },
        "six": {
            "hashes": [
                "sha256:3350809f0555b11f552448330d0b52d5f24c91a322ea4a15ef22629740f3761c",
                "sha256:d16a0141ec1a18405cd4ce8b4613101da75da0e9a7aec5bdd4fa804d0e0eba73"
            ],
            "version": "==1.12.0"
        },
        "termcolor": {
            "hashes": [
                "sha256:1d6d69ce66211143803fbc56652b41d73b4a400a2891d7bf7a1cdf4c02de613b"
            ],
            "index": "pypi",
            "version": "==1.1.0"
        },
        "urllib3": {
            "hashes": [
                "sha256:61bf29cada3fc2fbefad4fdf059ea4bd1b4a86d2b6d15e1c7c0b582b9752fe39",
                "sha256:de9529817c93f27c8ccbfead6985011db27bd0ddfcdb2d86f3f663385c6a9c22"
            ],
            "version": "==1.24.1"
        },
        "wcwidth": {
            "hashes": [
                "sha256:3df37372226d6e63e1b1e1eda15c594bca98a22d33a23832a90998faa96bc65e",
                "sha256:f4ebe71925af7b40a864553f761ed559b43544f8f71746c2d756c7fe788ade7c"
            ],
            "version": "==0.1.7"
        },
        "yelpapi": {
            "hashes": [
                "sha256:47c75511a15d64c2020f3a417c1b8067f5c940f6a0ca329e1c450058d579cf91",
                "sha256:8cc63b3218d3e02ce741908b5fee5e23e6b5b6574aedd59963adf878134705bb"
            ],
            "index": "pypi",
            "version": "==2.3.0"
        }
    },
    "develop": {}
}
